// !$*UTF8*$!
{
	archiveVersion = 1;
	classes = {
	};
	objectVersion = 55;
	objects = {

/* Begin PBXBuildFile section */
		182685A328ABA2E800813708 /* CoordinatorImpl.swift in Sources */ = {isa = PBXBuildFile; fileRef = 1826858B28ABA2E800813708 /* CoordinatorImpl.swift */; };
		182685A428ABA2E800813708 /* Ext+ UIViewController.swift in Sources */ = {isa = PBXBuildFile; fileRef = 1826858D28ABA2E800813708 /* Ext+ UIViewController.swift */; };
		182685A528ABA2E800813708 /* Veriff.h in Headers */ = {isa = PBXBuildFile; fileRef = 1826858E28ABA2E800813708 /* Veriff.h */; };
		182685A628ABA2E800813708 /* Veriff.swift in Sources */ = {isa = PBXBuildFile; fileRef = 1826859028ABA2E800813708 /* Veriff.swift */; };
		182685A728ABA2E800813708 /* VeriffSDKImpl.swift in Sources */ = {isa = PBXBuildFile; fileRef = 1826859128ABA2E800813708 /* VeriffSDKImpl.swift */; };
		182685A828ABA2E800813708 /* Detector.swift in Sources */ = {isa = PBXBuildFile; fileRef = 1826859328ABA2E800813708 /* Detector.swift */; };
		182685A928ABA2E800813708 /* SelfiePresenterImpl.swift in Sources */ = {isa = PBXBuildFile; fileRef = 1826859728ABA2E800813708 /* SelfiePresenterImpl.swift */; };
		182685AB28ABA2E800813708 /* SelfieViewController.swift in Sources */ = {isa = PBXBuildFile; fileRef = 1826859A28ABA2E800813708 /* SelfieViewController.swift */; };
		182685AC28ABA2E800813708 /* PassportPresenterImpl.swift in Sources */ = {isa = PBXBuildFile; fileRef = 1826859D28ABA2E800813708 /* PassportPresenterImpl.swift */; };
		182685AD28ABA2E800813708 /* PassportViewController.swift in Sources */ = {isa = PBXBuildFile; fileRef = 1826859F28ABA2E800813708 /* PassportViewController.swift */; };
		182685AF28ABA2E800813708 /* BuilderImpl.swift in Sources */ = {isa = PBXBuildFile; fileRef = 182685A228ABA2E800813708 /* BuilderImpl.swift */; };
		18C0701928A5128100C2CD0B /* Veriff.framework in Frameworks */ = {isa = PBXBuildFile; fileRef = 18C0701028A5128100C2CD0B /* Veriff.framework */; };
		18C0701E28A5128100C2CD0B /* VeriffTests.swift in Sources */ = {isa = PBXBuildFile; fileRef = 18C0701D28A5128100C2CD0B /* VeriffTests.swift */; };
		A56DDEFB5953E36F33A69CC9 /* Pods_Veriff.framework in Frameworks */ = {isa = PBXBuildFile; fileRef = 9E0024F226736851A15899E7 /* Pods_Veriff.framework */; };
		EE60AA3CAC22BE0ED7E0CAD6 /* Pods_Veriff_VeriffTests.framework in Frameworks */ = {isa = PBXBuildFile; fileRef = 741363B65702EEFC12E80064 /* Pods_Veriff_VeriffTests.framework */; };
/* End PBXBuildFile section */

/* Begin PBXContainerItemProxy section */
		18C0701A28A5128100C2CD0B /* PBXContainerItemProxy */ = {
			isa = PBXContainerItemProxy;
			containerPortal = 18C0700728A5128100C2CD0B /* Project object */;
			proxyType = 1;
			remoteGlobalIDString = 18C0700F28A5128100C2CD0B;
			remoteInfo = Veriff;
		};
/* End PBXContainerItemProxy section */

/* Begin PBXFileReference section */
		1826858B28ABA2E800813708 /* CoordinatorImpl.swift */ = {isa = PBXFileReference; fileEncoding = 4; lastKnownFileType = sourcecode.swift; path = CoordinatorImpl.swift; sourceTree = "<group>"; };
		1826858D28ABA2E800813708 /* Ext+ UIViewController.swift */ = {isa = PBXFileReference; fileEncoding = 4; lastKnownFileType = sourcecode.swift; path = "Ext+ UIViewController.swift"; sourceTree = "<group>"; };
		1826858E28ABA2E800813708 /* Veriff.h */ = {isa = PBXFileReference; fileEncoding = 4; lastKnownFileType = sourcecode.c.h; path = Veriff.h; sourceTree = "<group>"; };
		1826859028ABA2E800813708 /* Veriff.swift */ = {isa = PBXFileReference; fileEncoding = 4; lastKnownFileType = sourcecode.swift; path = Veriff.swift; sourceTree = "<group>"; };
		1826859128ABA2E800813708 /* VeriffSDKImpl.swift */ = {isa = PBXFileReference; fileEncoding = 4; lastKnownFileType = sourcecode.swift; path = VeriffSDKImpl.swift; sourceTree = "<group>"; };
		1826859328ABA2E800813708 /* Detector.swift */ = {isa = PBXFileReference; fileEncoding = 4; lastKnownFileType = sourcecode.swift; path = Detector.swift; sourceTree = "<group>"; };
		1826859728ABA2E800813708 /* SelfiePresenterImpl.swift */ = {isa = PBXFileReference; fileEncoding = 4; lastKnownFileType = sourcecode.swift; path = SelfiePresenterImpl.swift; sourceTree = "<group>"; };
		1826859A28ABA2E800813708 /* SelfieViewController.swift */ = {isa = PBXFileReference; fileEncoding = 4; lastKnownFileType = sourcecode.swift; path = SelfieViewController.swift; sourceTree = "<group>"; };
		1826859D28ABA2E800813708 /* PassportPresenterImpl.swift */ = {isa = PBXFileReference; fileEncoding = 4; lastKnownFileType = sourcecode.swift; path = PassportPresenterImpl.swift; sourceTree = "<group>"; };
		1826859F28ABA2E800813708 /* PassportViewController.swift */ = {isa = PBXFileReference; fileEncoding = 4; lastKnownFileType = sourcecode.swift; path = PassportViewController.swift; sourceTree = "<group>"; };
		182685A228ABA2E800813708 /* BuilderImpl.swift */ = {isa = PBXFileReference; fileEncoding = 4; lastKnownFileType = sourcecode.swift; path = BuilderImpl.swift; sourceTree = "<group>"; };
		18C0701028A5128100C2CD0B /* Veriff.framework */ = {isa = PBXFileReference; explicitFileType = wrapper.framework; includeInIndex = 0; path = Veriff.framework; sourceTree = BUILT_PRODUCTS_DIR; };
		18C0701828A5128100C2CD0B /* VeriffTests.xctest */ = {isa = PBXFileReference; explicitFileType = wrapper.cfbundle; includeInIndex = 0; path = VeriffTests.xctest; sourceTree = BUILT_PRODUCTS_DIR; };
		18C0701D28A5128100C2CD0B /* VeriffTests.swift */ = {isa = PBXFileReference; lastKnownFileType = sourcecode.swift; path = VeriffTests.swift; sourceTree = "<group>"; };
		2719629678384792858A6FC3 /* Pods-Veriff-VeriffTests.release.xcconfig */ = {isa = PBXFileReference; includeInIndex = 1; lastKnownFileType = text.xcconfig; name = "Pods-Veriff-VeriffTests.release.xcconfig"; path = "Target Support Files/Pods-Veriff-VeriffTests/Pods-Veriff-VeriffTests.release.xcconfig"; sourceTree = "<group>"; };
		741363B65702EEFC12E80064 /* Pods_Veriff_VeriffTests.framework */ = {isa = PBXFileReference; explicitFileType = wrapper.framework; includeInIndex = 0; path = Pods_Veriff_VeriffTests.framework; sourceTree = BUILT_PRODUCTS_DIR; };
		8AEB4467489D2AD956879B1E /* Pods-Veriff.debug.xcconfig */ = {isa = PBXFileReference; includeInIndex = 1; lastKnownFileType = text.xcconfig; name = "Pods-Veriff.debug.xcconfig"; path = "Target Support Files/Pods-Veriff/Pods-Veriff.debug.xcconfig"; sourceTree = "<group>"; };
		9E0024F226736851A15899E7 /* Pods_Veriff.framework */ = {isa = PBXFileReference; explicitFileType = wrapper.framework; includeInIndex = 0; path = Pods_Veriff.framework; sourceTree = BUILT_PRODUCTS_DIR; };
		CF284D88C3D52645D6E87C0F /* Pods-Veriff-VeriffTests.debug.xcconfig */ = {isa = PBXFileReference; includeInIndex = 1; lastKnownFileType = text.xcconfig; name = "Pods-Veriff-VeriffTests.debug.xcconfig"; path = "Target Support Files/Pods-Veriff-VeriffTests/Pods-Veriff-VeriffTests.debug.xcconfig"; sourceTree = "<group>"; };
		EFB16622319DB4CC10808744 /* Pods-Veriff.release.xcconfig */ = {isa = PBXFileReference; includeInIndex = 1; lastKnownFileType = text.xcconfig; name = "Pods-Veriff.release.xcconfig"; path = "Target Support Files/Pods-Veriff/Pods-Veriff.release.xcconfig"; sourceTree = "<group>"; };
/* End PBXFileReference section */

/* Begin PBXFrameworksBuildPhase section */
		18C0700D28A5128100C2CD0B /* Frameworks */ = {
			isa = PBXFrameworksBuildPhase;
			buildActionMask = 2147483647;
			files = (
				A56DDEFB5953E36F33A69CC9 /* Pods_Veriff.framework in Frameworks */,
			);
			runOnlyForDeploymentPostprocessing = 0;
		};
		18C0701528A5128100C2CD0B /* Frameworks */ = {
			isa = PBXFrameworksBuildPhase;
			buildActionMask = 2147483647;
			files = (
				18C0701928A5128100C2CD0B /* Veriff.framework in Frameworks */,
				EE60AA3CAC22BE0ED7E0CAD6 /* Pods_Veriff_VeriffTests.framework in Frameworks */,
			);
			runOnlyForDeploymentPostprocessing = 0;
		};
/* End PBXFrameworksBuildPhase section */

/* Begin PBXGroup section */
		1826858928ABA2E800813708 /* Veriff */ = {
			isa = PBXGroup;
			children = (
				1826858A28ABA2E800813708 /* Coordinator */,
				1826858C28ABA2E800813708 /* Extension */,
				1826858E28ABA2E800813708 /* Veriff.h */,
				1826858F28ABA2E800813708 /* Public */,
				1826859228ABA2E800813708 /* Detector */,
				1826859428ABA2E800813708 /* Modules */,
				182685A128ABA2E800813708 /* Builder */,
			);
			path = Veriff;
			sourceTree = "<group>";
		};
		1826858A28ABA2E800813708 /* Coordinator */ = {
			isa = PBXGroup;
			children = (
				1826858B28ABA2E800813708 /* CoordinatorImpl.swift */,
			);
			path = Coordinator;
			sourceTree = "<group>";
		};
		1826858C28ABA2E800813708 /* Extension */ = {
			isa = PBXGroup;
			children = (
				1826858D28ABA2E800813708 /* Ext+ UIViewController.swift */,
			);
			path = Extension;
			sourceTree = "<group>";
		};
		1826858F28ABA2E800813708 /* Public */ = {
			isa = PBXGroup;
			children = (
				1826859028ABA2E800813708 /* Veriff.swift */,
				1826859128ABA2E800813708 /* VeriffSDKImpl.swift */,
			);
			path = Public;
			sourceTree = "<group>";
		};
		1826859228ABA2E800813708 /* Detector */ = {
			isa = PBXGroup;
			children = (
				1826859328ABA2E800813708 /* Detector.swift */,
			);
			path = Detector;
			sourceTree = "<group>";
		};
		1826859428ABA2E800813708 /* Modules */ = {
			isa = PBXGroup;
			children = (
				1826859528ABA2E800813708 /* Selfie */,
				1826859B28ABA2E800813708 /* Passport */,
			);
			path = Modules;
			sourceTree = "<group>";
		};
		1826859528ABA2E800813708 /* Selfie */ = {
			isa = PBXGroup;
			children = (
				1826859628ABA2E800813708 /* Presenter */,
				1826859828ABA2E800813708 /* View */,
			);
			path = Selfie;
			sourceTree = "<group>";
		};
		1826859628ABA2E800813708 /* Presenter */ = {
			isa = PBXGroup;
			children = (
				1826859728ABA2E800813708 /* SelfiePresenterImpl.swift */,
			);
			path = Presenter;
			sourceTree = "<group>";
		};
		1826859828ABA2E800813708 /* View */ = {
			isa = PBXGroup;
			children = (
				1826859A28ABA2E800813708 /* SelfieViewController.swift */,
			);
			path = View;
			sourceTree = "<group>";
		};
		1826859B28ABA2E800813708 /* Passport */ = {
			isa = PBXGroup;
			children = (
				1826859C28ABA2E800813708 /* Presenter */,
				1826859E28ABA2E800813708 /* View */,
			);
			path = Passport;
			sourceTree = "<group>";
		};
		1826859C28ABA2E800813708 /* Presenter */ = {
			isa = PBXGroup;
			children = (
				1826859D28ABA2E800813708 /* PassportPresenterImpl.swift */,
			);
			path = Presenter;
			sourceTree = "<group>";
		};
		1826859E28ABA2E800813708 /* View */ = {
			isa = PBXGroup;
			children = (
				1826859F28ABA2E800813708 /* PassportViewController.swift */,
			);
			path = View;
			sourceTree = "<group>";
		};
		182685A128ABA2E800813708 /* Builder */ = {
			isa = PBXGroup;
			children = (
				182685A228ABA2E800813708 /* BuilderImpl.swift */,
			);
			path = Builder;
			sourceTree = "<group>";
		};
		18C0700628A5128100C2CD0B = {
			isa = PBXGroup;
			children = (
				1826858928ABA2E800813708 /* Veriff */,
				18C0701C28A5128100C2CD0B /* VeriffTests */,
				18C0701128A5128100C2CD0B /* Products */,
				9A84476A31F2509310FC2AC5 /* Frameworks */,
				A7B0B979DF874C55AD14E381 /* Pods */,
			);
			sourceTree = "<group>";
		};
		18C0701128A5128100C2CD0B /* Products */ = {
			isa = PBXGroup;
			children = (
				18C0701028A5128100C2CD0B /* Veriff.framework */,
				18C0701828A5128100C2CD0B /* VeriffTests.xctest */,
			);
			name = Products;
			sourceTree = "<group>";
		};
		18C0701C28A5128100C2CD0B /* VeriffTests */ = {
			isa = PBXGroup;
			children = (
				18C0701D28A5128100C2CD0B /* VeriffTests.swift */,
			);
			path = VeriffTests;
			sourceTree = "<group>";
		};
		9A84476A31F2509310FC2AC5 /* Frameworks */ = {
			isa = PBXGroup;
			children = (
				9E0024F226736851A15899E7 /* Pods_Veriff.framework */,
				741363B65702EEFC12E80064 /* Pods_Veriff_VeriffTests.framework */,
			);
			name = Frameworks;
			sourceTree = "<group>";
		};
		A7B0B979DF874C55AD14E381 /* Pods */ = {
			isa = PBXGroup;
			children = (
				8AEB4467489D2AD956879B1E /* Pods-Veriff.debug.xcconfig */,
				EFB16622319DB4CC10808744 /* Pods-Veriff.release.xcconfig */,
				CF284D88C3D52645D6E87C0F /* Pods-Veriff-VeriffTests.debug.xcconfig */,
				2719629678384792858A6FC3 /* Pods-Veriff-VeriffTests.release.xcconfig */,
			);
			path = Pods;
			sourceTree = "<group>";
		};
/* End PBXGroup section */

/* Begin PBXHeadersBuildPhase section */
		18C0700B28A5128100C2CD0B /* Headers */ = {
			isa = PBXHeadersBuildPhase;
			buildActionMask = 2147483647;
			files = (
				182685A528ABA2E800813708 /* Veriff.h in Headers */,
			);
			runOnlyForDeploymentPostprocessing = 0;
		};
/* End PBXHeadersBuildPhase section */

/* Begin PBXNativeTarget section */
		18C0700F28A5128100C2CD0B /* Veriff */ = {
			isa = PBXNativeTarget;
			buildConfigurationList = 18C0702228A5128100C2CD0B /* Build configuration list for PBXNativeTarget "Veriff" */;
			buildPhases = (
				EF213AD7C44C8CE987E0D9FB /* [CP] Check Pods Manifest.lock */,
				18C0700B28A5128100C2CD0B /* Headers */,
				18C0700C28A5128100C2CD0B /* Sources */,
				18C0700D28A5128100C2CD0B /* Frameworks */,
				18C0700E28A5128100C2CD0B /* Resources */,
			);
			buildRules = (
			);
			dependencies = (
			);
			name = Veriff;
			productName = Veriff;
			productReference = 18C0701028A5128100C2CD0B /* Veriff.framework */;
			productType = "com.apple.product-type.framework";
		};
		18C0701728A5128100C2CD0B /* VeriffTests */ = {
			isa = PBXNativeTarget;
			buildConfigurationList = 18C0702528A5128100C2CD0B /* Build configuration list for PBXNativeTarget "VeriffTests" */;
			buildPhases = (
				4C95D7E2BFF182875F9E1348 /* [CP] Check Pods Manifest.lock */,
				18C0701428A5128100C2CD0B /* Sources */,
				18C0701528A5128100C2CD0B /* Frameworks */,
				18C0701628A5128100C2CD0B /* Resources */,
				FCF6079F7491C45D502FDD97 /* [CP] Embed Pods Frameworks */,
			);
			buildRules = (
			);
			dependencies = (
				18C0701B28A5128100C2CD0B /* PBXTargetDependency */,
			);
			name = VeriffTests;
			productName = VeriffTests;
			productReference = 18C0701828A5128100C2CD0B /* VeriffTests.xctest */;
			productType = "com.apple.product-type.bundle.unit-test";
		};
/* End PBXNativeTarget section */

/* Begin PBXProject section */
		18C0700728A5128100C2CD0B /* Project object */ = {
			isa = PBXProject;
			attributes = {
				BuildIndependentTargetsInParallel = 1;
				LastSwiftUpdateCheck = 1330;
				LastUpgradeCheck = 1330;
				TargetAttributes = {
					18C0700F28A5128100C2CD0B = {
						CreatedOnToolsVersion = 13.3.1;
					};
					18C0701728A5128100C2CD0B = {
						CreatedOnToolsVersion = 13.3.1;
					};
				};
			};
			buildConfigurationList = 18C0700A28A5128100C2CD0B /* Build configuration list for PBXProject "Veriff" */;
			compatibilityVersion = "Xcode 13.0";
			developmentRegion = en;
			hasScannedForEncodings = 0;
			knownRegions = (
				en,
				Base,
			);
			mainGroup = 18C0700628A5128100C2CD0B;
			productRefGroup = 18C0701128A5128100C2CD0B /* Products */;
			projectDirPath = "";
			projectRoot = "";
			targets = (
				18C0700F28A5128100C2CD0B /* Veriff */,
				18C0701728A5128100C2CD0B /* VeriffTests */,
			);
		};
/* End PBXProject section */

/* Begin PBXResourcesBuildPhase section */
		18C0700E28A5128100C2CD0B /* Resources */ = {
			isa = PBXResourcesBuildPhase;
			buildActionMask = 2147483647;
			files = (
			);
			runOnlyForDeploymentPostprocessing = 0;
		};
		18C0701628A5128100C2CD0B /* Resources */ = {
			isa = PBXResourcesBuildPhase;
			buildActionMask = 2147483647;
			files = (
			);
			runOnlyForDeploymentPostprocessing = 0;
		};
/* End PBXResourcesBuildPhase section */

/* Begin PBXShellScriptBuildPhase section */
		4C95D7E2BFF182875F9E1348 /* [CP] Check Pods Manifest.lock */ = {
			isa = PBXShellScriptBuildPhase;
			buildActionMask = 2147483647;
			files = (
			);
			inputFileListPaths = (
			);
			inputPaths = (
				"${PODS_PODFILE_DIR_PATH}/Podfile.lock",
				"${PODS_ROOT}/Manifest.lock",
			);
			name = "[CP] Check Pods Manifest.lock";
			outputFileListPaths = (
			);
			outputPaths = (
				"$(DERIVED_FILE_DIR)/Pods-Veriff-VeriffTests-checkManifestLockResult.txt",
			);
			runOnlyForDeploymentPostprocessing = 0;
			shellPath = /bin/sh;
			shellScript = "diff \"${PODS_PODFILE_DIR_PATH}/Podfile.lock\" \"${PODS_ROOT}/Manifest.lock\" > /dev/null\nif [ $? != 0 ] ; then\n    # print error to STDERR\n    echo \"error: The sandbox is not in sync with the Podfile.lock. Run 'pod install' or update your CocoaPods installation.\" >&2\n    exit 1\nfi\n# This output is used by Xcode 'outputs' to avoid re-running this script phase.\necho \"SUCCESS\" > \"${SCRIPT_OUTPUT_FILE_0}\"\n";
			showEnvVarsInLog = 0;
		};
		EF213AD7C44C8CE987E0D9FB /* [CP] Check Pods Manifest.lock */ = {
			isa = PBXShellScriptBuildPhase;
			buildActionMask = 2147483647;
			files = (
			);
			inputFileListPaths = (
			);
			inputPaths = (
				"${PODS_PODFILE_DIR_PATH}/Podfile.lock",
				"${PODS_ROOT}/Manifest.lock",
			);
			name = "[CP] Check Pods Manifest.lock";
			outputFileListPaths = (
			);
			outputPaths = (
				"$(DERIVED_FILE_DIR)/Pods-Veriff-checkManifestLockResult.txt",
			);
			runOnlyForDeploymentPostprocessing = 0;
			shellPath = /bin/sh;
			shellScript = "diff \"${PODS_PODFILE_DIR_PATH}/Podfile.lock\" \"${PODS_ROOT}/Manifest.lock\" > /dev/null\nif [ $? != 0 ] ; then\n    # print error to STDERR\n    echo \"error: The sandbox is not in sync with the Podfile.lock. Run 'pod install' or update your CocoaPods installation.\" >&2\n    exit 1\nfi\n# This output is used by Xcode 'outputs' to avoid re-running this script phase.\necho \"SUCCESS\" > \"${SCRIPT_OUTPUT_FILE_0}\"\n";
			showEnvVarsInLog = 0;
		};
		FCF6079F7491C45D502FDD97 /* [CP] Embed Pods Frameworks */ = {
			isa = PBXShellScriptBuildPhase;
			buildActionMask = 2147483647;
			files = (
			);
			inputFileListPaths = (
				"${PODS_ROOT}/Target Support Files/Pods-Veriff-VeriffTests/Pods-Veriff-VeriffTests-frameworks-${CONFIGURATION}-input-files.xcfilelist",
			);
			name = "[CP] Embed Pods Frameworks";
			outputFileListPaths = (
				"${PODS_ROOT}/Target Support Files/Pods-Veriff-VeriffTests/Pods-Veriff-VeriffTests-frameworks-${CONFIGURATION}-output-files.xcfilelist",
			);
			runOnlyForDeploymentPostprocessing = 0;
			shellPath = /bin/sh;
			shellScript = "\"${PODS_ROOT}/Target Support Files/Pods-Veriff-VeriffTests/Pods-Veriff-VeriffTests-frameworks.sh\"\n";
			showEnvVarsInLog = 0;
		};
/* End PBXShellScriptBuildPhase section */

/* Begin PBXSourcesBuildPhase section */
		18C0700C28A5128100C2CD0B /* Sources */ = {
			isa = PBXSourcesBuildPhase;
			buildActionMask = 2147483647;
			files = (
				182685AD28ABA2E800813708 /* PassportViewController.swift in Sources */,
				182685A828ABA2E800813708 /* Detector.swift in Sources */,
				182685A728ABA2E800813708 /* VeriffSDKImpl.swift in Sources */,
				182685AB28ABA2E800813708 /* SelfieViewController.swift in Sources */,
				182685A928ABA2E800813708 /* SelfiePresenterImpl.swift in Sources */,
				182685AF28ABA2E800813708 /* BuilderImpl.swift in Sources */,
				182685AC28ABA2E800813708 /* PassportPresenterImpl.swift in Sources */,
				182685A328ABA2E800813708 /* CoordinatorImpl.swift in Sources */,
				182685A628ABA2E800813708 /* Veriff.swift in Sources */,
				182685A428ABA2E800813708 /* Ext+ UIViewController.swift in Sources */,
			);
			runOnlyForDeploymentPostprocessing = 0;
		};
		18C0701428A5128100C2CD0B /* Sources */ = {
			isa = PBXSourcesBuildPhase;
			buildActionMask = 2147483647;
			files = (
				18C0701E28A5128100C2CD0B /* VeriffTests.swift in Sources */,
			);
			runOnlyForDeploymentPostprocessing = 0;
		};
/* End PBXSourcesBuildPhase section */

/* Begin PBXTargetDependency section */
		18C0701B28A5128100C2CD0B /* PBXTargetDependency */ = {
			isa = PBXTargetDependency;
			target = 18C0700F28A5128100C2CD0B /* Veriff */;
			targetProxy = 18C0701A28A5128100C2CD0B /* PBXContainerItemProxy */;
		};
/* End PBXTargetDependency section */

/* Begin XCBuildConfiguration section */
		18C0702028A5128100C2CD0B /* Debug */ = {
			isa = XCBuildConfiguration;
			buildSettings = {
				ALWAYS_SEARCH_USER_PATHS = NO;
				CLANG_ANALYZER_NONNULL = YES;
				CLANG_ANALYZER_NUMBER_OBJECT_CONVERSION = YES_AGGRESSIVE;
				CLANG_CXX_LANGUAGE_STANDARD = "gnu++17";
				CLANG_ENABLE_MODULES = YES;
				CLANG_ENABLE_OBJC_ARC = YES;
				CLANG_ENABLE_OBJC_WEAK = YES;
				CLANG_WARN_BLOCK_CAPTURE_AUTORELEASING = YES;
				CLANG_WARN_BOOL_CONVERSION = YES;
				CLANG_WARN_COMMA = YES;
				CLANG_WARN_CONSTANT_CONVERSION = YES;
				CLANG_WARN_DEPRECATED_OBJC_IMPLEMENTATIONS = YES;
				CLANG_WARN_DIRECT_OBJC_ISA_USAGE = YES_ERROR;
				CLANG_WARN_DOCUMENTATION_COMMENTS = YES;
				CLANG_WARN_EMPTY_BODY = YES;
				CLANG_WARN_ENUM_CONVERSION = YES;
				CLANG_WARN_INFINITE_RECURSION = YES;
				CLANG_WARN_INT_CONVERSION = YES;
				CLANG_WARN_NON_LITERAL_NULL_CONVERSION = YES;
				CLANG_WARN_OBJC_IMPLICIT_RETAIN_SELF = YES;
				CLANG_WARN_OBJC_LITERAL_CONVERSION = YES;
				CLANG_WARN_OBJC_ROOT_CLASS = YES_ERROR;
				CLANG_WARN_QUOTED_INCLUDE_IN_FRAMEWORK_HEADER = YES;
				CLANG_WARN_RANGE_LOOP_ANALYSIS = YES;
				CLANG_WARN_STRICT_PROTOTYPES = YES;
				CLANG_WARN_SUSPICIOUS_MOVE = YES;
				CLANG_WARN_UNGUARDED_AVAILABILITY = YES_AGGRESSIVE;
				CLANG_WARN_UNREACHABLE_CODE = YES;
				CLANG_WARN__DUPLICATE_METHOD_MATCH = YES;
				COPY_PHASE_STRIP = NO;
				CURRENT_PROJECT_VERSION = 1;
				DEBUG_INFORMATION_FORMAT = dwarf;
				ENABLE_STRICT_OBJC_MSGSEND = YES;
				ENABLE_TESTABILITY = YES;
				GCC_C_LANGUAGE_STANDARD = gnu11;
				GCC_DYNAMIC_NO_PIC = NO;
				GCC_NO_COMMON_BLOCKS = YES;
				GCC_OPTIMIZATION_LEVEL = 0;
				GCC_PREPROCESSOR_DEFINITIONS = (
					"DEBUG=1",
					"$(inherited)",
				);
				GCC_WARN_64_TO_32_BIT_CONVERSION = YES;
				GCC_WARN_ABOUT_RETURN_TYPE = YES_ERROR;
				GCC_WARN_UNDECLARED_SELECTOR = YES;
				GCC_WARN_UNINITIALIZED_AUTOS = YES_AGGRESSIVE;
				GCC_WARN_UNUSED_FUNCTION = YES;
				GCC_WARN_UNUSED_VARIABLE = YES;
				IPHONEOS_DEPLOYMENT_TARGET = 15.4;
				MTL_ENABLE_DEBUG_INFO = INCLUDE_SOURCE;
				MTL_FAST_MATH = YES;
				ONLY_ACTIVE_ARCH = YES;
				SDKROOT = iphoneos;
				SWIFT_ACTIVE_COMPILATION_CONDITIONS = DEBUG;
				SWIFT_OPTIMIZATION_LEVEL = "-Onone";
				VERSIONING_SYSTEM = "apple-generic";
				VERSION_INFO_PREFIX = "";
			};
			name = Debug;
		};
		18C0702128A5128100C2CD0B /* Release */ = {
			isa = XCBuildConfiguration;
			buildSettings = {
				ALWAYS_SEARCH_USER_PATHS = NO;
				CLANG_ANALYZER_NONNULL = YES;
				CLANG_ANALYZER_NUMBER_OBJECT_CONVERSION = YES_AGGRESSIVE;
				CLANG_CXX_LANGUAGE_STANDARD = "gnu++17";
				CLANG_ENABLE_MODULES = YES;
				CLANG_ENABLE_OBJC_ARC = YES;
				CLANG_ENABLE_OBJC_WEAK = YES;
				CLANG_WARN_BLOCK_CAPTURE_AUTORELEASING = YES;
				CLANG_WARN_BOOL_CONVERSION = YES;
				CLANG_WARN_COMMA = YES;
				CLANG_WARN_CONSTANT_CONVERSION = YES;
				CLANG_WARN_DEPRECATED_OBJC_IMPLEMENTATIONS = YES;
				CLANG_WARN_DIRECT_OBJC_ISA_USAGE = YES_ERROR;
				CLANG_WARN_DOCUMENTATION_COMMENTS = YES;
				CLANG_WARN_EMPTY_BODY = YES;
				CLANG_WARN_ENUM_CONVERSION = YES;
				CLANG_WARN_INFINITE_RECURSION = YES;
				CLANG_WARN_INT_CONVERSION = YES;
				CLANG_WARN_NON_LITERAL_NULL_CONVERSION = YES;
				CLANG_WARN_OBJC_IMPLICIT_RETAIN_SELF = YES;
				CLANG_WARN_OBJC_LITERAL_CONVERSION = YES;
				CLANG_WARN_OBJC_ROOT_CLASS = YES_ERROR;
				CLANG_WARN_QUOTED_INCLUDE_IN_FRAMEWORK_HEADER = YES;
				CLANG_WARN_RANGE_LOOP_ANALYSIS = YES;
				CLANG_WARN_STRICT_PROTOTYPES = YES;
				CLANG_WARN_SUSPICIOUS_MOVE = YES;
				CLANG_WARN_UNGUARDED_AVAILABILITY = YES_AGGRESSIVE;
				CLANG_WARN_UNREACHABLE_CODE = YES;
				CLANG_WARN__DUPLICATE_METHOD_MATCH = YES;
				COPY_PHASE_STRIP = NO;
				CURRENT_PROJECT_VERSION = 1;
				DEBUG_INFORMATION_FORMAT = "dwarf-with-dsym";
				ENABLE_NS_ASSERTIONS = NO;
				ENABLE_STRICT_OBJC_MSGSEND = YES;
				GCC_C_LANGUAGE_STANDARD = gnu11;
				GCC_NO_COMMON_BLOCKS = YES;
				GCC_WARN_64_TO_32_BIT_CONVERSION = YES;
				GCC_WARN_ABOUT_RETURN_TYPE = YES_ERROR;
				GCC_WARN_UNDECLARED_SELECTOR = YES;
				GCC_WARN_UNINITIALIZED_AUTOS = YES_AGGRESSIVE;
				GCC_WARN_UNUSED_FUNCTION = YES;
				GCC_WARN_UNUSED_VARIABLE = YES;
				IPHONEOS_DEPLOYMENT_TARGET = 15.4;
				MTL_ENABLE_DEBUG_INFO = NO;
				MTL_FAST_MATH = YES;
				SDKROOT = iphoneos;
				SWIFT_COMPILATION_MODE = wholemodule;
				SWIFT_OPTIMIZATION_LEVEL = "-O";
				VALIDATE_PRODUCT = YES;
				VERSIONING_SYSTEM = "apple-generic";
				VERSION_INFO_PREFIX = "";
			};
			name = Release;
		};
		18C0702328A5128100C2CD0B /* Debug */ = {
			isa = XCBuildConfiguration;
			baseConfigurationReference = 8AEB4467489D2AD956879B1E /* Pods-Veriff.debug.xcconfig */;
			buildSettings = {
				CODE_SIGN_STYLE = Automatic;
				CURRENT_PROJECT_VERSION = 1;
				DEFINES_MODULE = YES;
				DYLIB_COMPATIBILITY_VERSION = 1;
				DYLIB_CURRENT_VERSION = 1;
				DYLIB_INSTALL_NAME_BASE = "@rpath";
				GENERATE_INFOPLIST_FILE = YES;
				INFOPLIST_KEY_NSHumanReadableCopyright = "";
				INSTALL_PATH = "$(LOCAL_LIBRARY_DIR)/Frameworks";
				LD_RUNPATH_SEARCH_PATHS = (
					"$(inherited)",
					"@executable_path/Frameworks",
					"@loader_path/Frameworks",
				);
				MARKETING_VERSION = 1.0;
				PRODUCT_BUNDLE_IDENTIFIER = kseniya.Veriff;
				PRODUCT_NAME = "$(TARGET_NAME:c99extidentifier)";
				SKIP_INSTALL = YES;
				SUPPORTS_MACCATALYST = NO;
				SWIFT_EMIT_LOC_STRINGS = YES;
				SWIFT_VERSION = 5.0;
				TARGETED_DEVICE_FAMILY = 1;
			};
			name = Debug;
		};
		18C0702428A5128100C2CD0B /* Release */ = {
			isa = XCBuildConfiguration;
			baseConfigurationReference = EFB16622319DB4CC10808744 /* Pods-Veriff.release.xcconfig */;
			buildSettings = {
				CODE_SIGN_STYLE = Automatic;
				CURRENT_PROJECT_VERSION = 1;
				DEFINES_MODULE = YES;
				DYLIB_COMPATIBILITY_VERSION = 1;
				DYLIB_CURRENT_VERSION = 1;
				DYLIB_INSTALL_NAME_BASE = "@rpath";
				GENERATE_INFOPLIST_FILE = YES;
				INFOPLIST_KEY_NSHumanReadableCopyright = "";
				INSTALL_PATH = "$(LOCAL_LIBRARY_DIR)/Frameworks";
				LD_RUNPATH_SEARCH_PATHS = (
					"$(inherited)",
					"@executable_path/Frameworks",
					"@loader_path/Frameworks",
				);
				MARKETING_VERSION = 1.0;
				PRODUCT_BUNDLE_IDENTIFIER = kseniya.Veriff;
				PRODUCT_NAME = "$(TARGET_NAME:c99extidentifier)";
				SKIP_INSTALL = YES;
				SUPPORTS_MACCATALYST = NO;
				SWIFT_EMIT_LOC_STRINGS = YES;
				SWIFT_VERSION = 5.0;
				TARGETED_DEVICE_FAMILY = 1;
			};
			name = Release;
		};
		18C0702628A5128100C2CD0B /* Debug */ = {
			isa = XCBuildConfiguration;
			baseConfigurationReference = CF284D88C3D52645D6E87C0F /* Pods-Veriff-VeriffTests.debug.xcconfig */;
			buildSettings = {
				ALWAYS_EMBED_SWIFT_STANDARD_LIBRARIES = YES;
				CODE_SIGN_STYLE = Automatic;
				CURRENT_PROJECT_VERSION = 1;
				GENERATE_INFOPLIST_FILE = YES;
				MARKETING_VERSION = 1.0;
				PRODUCT_BUNDLE_IDENTIFIER = kseniya.VeriffTests;
				PRODUCT_NAME = "$(TARGET_NAME)";
				SWIFT_EMIT_LOC_STRINGS = NO;
				SWIFT_VERSION = 5.0;
				TARGETED_DEVICE_FAMILY = "1,2";
			};
			name = Debug;
		};
		18C0702728A5128100C2CD0B /* Release */ = {
			isa = XCBuildConfiguration;
			baseConfigurationReference = 2719629678384792858A6FC3 /* Pods-Veriff-VeriffTests.release.xcconfig */;
			buildSettings = {
				ALWAYS_EMBED_SWIFT_STANDARD_LIBRARIES = YES;
				CODE_SIGN_STYLE = Automatic;
				CURRENT_PROJECT_VERSION = 1;
				GENERATE_INFOPLIST_FILE = YES;
				MARKETING_VERSION = 1.0;
				PRODUCT_BUNDLE_IDENTIFIER = kseniya.VeriffTests;
				PRODUCT_NAME = "$(TARGET_NAME)";
				SWIFT_EMIT_LOC_STRINGS = NO;
				SWIFT_VERSION = 5.0;
				TARGETED_DEVICE_FAMILY = "1,2";
			};
			name = Release;
		};
/* End XCBuildConfiguration section */

/* Begin XCConfigurationList section */
		18C0700A28A5128100C2CD0B /* Build configuration list for PBXProject "Veriff" */ = {
			isa = XCConfigurationList;
			buildConfigurations = (
				18C0702028A5128100C2CD0B /* Debug */,
				18C0702128A5128100C2CD0B /* Release */,
			);
			defaultConfigurationIsVisible = 0;
			defaultConfigurationName = Release;
		};
		18C0702228A5128100C2CD0B /* Build configuration list for PBXNativeTarget "Veriff" */ = {
			isa = XCConfigurationList;
			buildConfigurations = (
				18C0702328A5128100C2CD0B /* Debug */,
				18C0702428A5128100C2CD0B /* Release */,
			);
			defaultConfigurationIsVisible = 0;
			defaultConfigurationName = Release;
		};
		18C0702528A5128100C2CD0B /* Build configuration list for PBXNativeTarget "VeriffTests" */ = {
			isa = XCConfigurationList;
			buildConfigurations = (
				18C0702628A5128100C2CD0B /* Debug */,
				18C0702728A5128100C2CD0B /* Release */,
			);
			defaultConfigurationIsVisible = 0;
			defaultConfigurationName = Release;
		};
/* End XCConfigurationList section */
	};
	rootObject = 18C0700728A5128100C2CD0B /* Project object */;
}
